// !$*UTF8*$!
{
	archiveVersion = 1;
	classes = {
	};
	objectVersion = 46;
	objects = {

/* Begin PBXBuildFile section */
		256BD8821E0241D6005185C9 /* MJCPackageMessage.m in Sources */ = {isa = PBXBuildFile; fileRef = 256BD8811E0241D6005185C9 /* MJCPackageMessage.m */; };
		256BD8861E026D71005185C9 /* MJCCustomAddViewVC.m in Sources */ = {isa = PBXBuildFile; fileRef = 256BD8841E026D71005185C9 /* MJCCustomAddViewVC.m */; };
		256BD8871E026D71005185C9 /* MJCCustomAddViewVC.xib in Resources */ = {isa = PBXBuildFile; fileRef = 256BD8851E026D71005185C9 /* MJCCustomAddViewVC.xib */; };
		25A479CA1DDC7F5500AE2829 /* main.m in Sources */ = {isa = PBXBuildFile; fileRef = 25A479C91DDC7F5500AE2829 /* main.m */; };
		25A479CD1DDC7F5500AE2829 /* AppDelegate.m in Sources */ = {isa = PBXBuildFile; fileRef = 25A479CC1DDC7F5500AE2829 /* AppDelegate.m */; };
		25A479D01DDC7F5500AE2829 /* ViewController.m in Sources */ = {isa = PBXBuildFile; fileRef = 25A479CF1DDC7F5500AE2829 /* ViewController.m */; };
		25A479D31DDC7F5500AE2829 /* Main.storyboard in Resources */ = {isa = PBXBuildFile; fileRef = 25A479D11DDC7F5500AE2829 /* Main.storyboard */; };
		25A479D51DDC7F5500AE2829 /* Assets.xcassets in Resources */ = {isa = PBXBuildFile; fileRef = 25A479D41DDC7F5500AE2829 /* Assets.xcassets */; };
		25A479D81DDC7F5500AE2829 /* LaunchScreen.storyboard in Resources */ = {isa = PBXBuildFile; fileRef = 25A479D61DDC7F5500AE2829 /* LaunchScreen.storyboard */; };
		25A479E31DDC7F5500AE2829 /* MJCPromptsMessageDemoTests.m in Sources */ = {isa = PBXBuildFile; fileRef = 25A479E21DDC7F5500AE2829 /* MJCPromptsMessageDemoTests.m */; };
		25A479EE1DDC7F5500AE2829 /* MJCPromptsMessageDemoUITests.m in Sources */ = {isa = PBXBuildFile; fileRef = 25A479ED1DDC7F5500AE2829 /* MJCPromptsMessageDemoUITests.m */; };
		25A47A021DDC803100AE2829 /* MJCPromptsMessage.m in Sources */ = {isa = PBXBuildFile; fileRef = 25A479FD1DDC803100AE2829 /* MJCPromptsMessage.m */; };
		25A47A031DDC803100AE2829 /* MJCPromptsView.m in Sources */ = {isa = PBXBuildFile; fileRef = 25A479FF1DDC803100AE2829 /* MJCPromptsView.m */; };
		25A47A041DDC803100AE2829 /* UIView+MJCExtenSion.m in Sources */ = {isa = PBXBuildFile; fileRef = 25A47A011DDC803100AE2829 /* UIView+MJCExtenSion.m */; };
		25A47A181DDC80A600AE2829 /* errorblack.png in Resources */ = {isa = PBXBuildFile; fileRef = 25A47A061DDC80A600AE2829 /* errorblack.png */; };
		25A47A191DDC80A600AE2829 /* errorblack@2x.png in Resources */ = {isa = PBXBuildFile; fileRef = 25A47A071DDC80A600AE2829 /* errorblack@2x.png */; };
		25A47A1A1DDC80A600AE2829 /* errorblack@3x.png in Resources */ = {isa = PBXBuildFile; fileRef = 25A47A081DDC80A600AE2829 /* errorblack@3x.png */; };
		25A47A1B1DDC80A600AE2829 /* errorwhite.png in Resources */ = {isa = PBXBuildFile; fileRef = 25A47A091DDC80A600AE2829 /* errorwhite.png */; };
		25A47A1C1DDC80A600AE2829 /* errorwhite@2x .png in Resources */ = {isa = PBXBuildFile; fileRef = 25A47A0A1DDC80A600AE2829 /* errorwhite@2x .png */; };
		25A47A1D1DDC80A600AE2829 /* errorwhite@3x.png in Resources */ = {isa = PBXBuildFile; fileRef = 25A47A0B1DDC80A600AE2829 /* errorwhite@3x.png */; };
		25A47A1E1DDC80A600AE2829 /* infoblack.png in Resources */ = {isa = PBXBuildFile; fileRef = 25A47A0C1DDC80A600AE2829 /* infoblack.png */; };
		25A47A1F1DDC80A600AE2829 /* infoblack@2x.png in Resources */ = {isa = PBXBuildFile; fileRef = 25A47A0D1DDC80A600AE2829 /* infoblack@2x.png */; };
		25A47A201DDC80A600AE2829 /* infoblack@3x.png in Resources */ = {isa = PBXBuildFile; fileRef = 25A47A0E1DDC80A600AE2829 /* infoblack@3x.png */; };
		25A47A211DDC80A600AE2829 /* infowhite.png in Resources */ = {isa = PBXBuildFile; fileRef = 25A47A0F1DDC80A600AE2829 /* infowhite.png */; };
		25A47A221DDC80A600AE2829 /* infowhite@2x.png in Resources */ = {isa = PBXBuildFile; fileRef = 25A47A101DDC80A600AE2829 /* infowhite@2x.png */; };
		25A47A231DDC80A600AE2829 /* infowhite@3x.png in Resources */ = {isa = PBXBuildFile; fileRef = 25A47A111DDC80A600AE2829 /* infowhite@3x.png */; };
		25A47A241DDC80A600AE2829 /* successblack.png in Resources */ = {isa = PBXBuildFile; fileRef = 25A47A121DDC80A600AE2829 /* successblack.png */; };
		25A47A251DDC80A600AE2829 /* successblack@2x.png in Resources */ = {isa = PBXBuildFile; fileRef = 25A47A131DDC80A600AE2829 /* successblack@2x.png */; };
		25A47A261DDC80A600AE2829 /* successblack@3x.png in Resources */ = {isa = PBXBuildFile; fileRef = 25A47A141DDC80A600AE2829 /* successblack@3x.png */; };
		25A47A271DDC80A600AE2829 /* successwhite.png in Resources */ = {isa = PBXBuildFile; fileRef = 25A47A151DDC80A600AE2829 /* successwhite.png */; };
		25A47A281DDC80A600AE2829 /* successwhite@2x.png in Resources */ = {isa = PBXBuildFile; fileRef = 25A47A161DDC80A600AE2829 /* successwhite@2x.png */; };
		25A47A291DDC80A600AE2829 /* successwhite@3x.png in Resources */ = {isa = PBXBuildFile; fileRef = 25A47A171DDC80A600AE2829 /* successwhite@3x.png */; };
		25A47A381DDD345D00AE2829 /* MJCLoadingVC.m in Sources */ = {isa = PBXBuildFile; fileRef = 25A47A361DDD345D00AE2829 /* MJCLoadingVC.m */; };
		25A47A391DDD345D00AE2829 /* MJCLoadingVC.xib in Resources */ = {isa = PBXBuildFile; fileRef = 25A47A371DDD345D00AE2829 /* MJCLoadingVC.xib */; };
		25A47A3D1DDD348100AE2829 /* MJCMessageVC.m in Sources */ = {isa = PBXBuildFile; fileRef = 25A47A3B1DDD348100AE2829 /* MJCMessageVC.m */; };
		25A47A3E1DDD348100AE2829 /* MJCMessageVC.xib in Resources */ = {isa = PBXBuildFile; fileRef = 25A47A3C1DDD348100AE2829 /* MJCMessageVC.xib */; };
		25A47A421DDDB72300AE2829 /* 成功与失败.gif in Resources */ = {isa = PBXBuildFile; fileRef = 25A47A3F1DDDB72200AE2829 /* 成功与失败.gif */; };
		25A47A431DDDB72300AE2829 /* 正在加载.gif in Resources */ = {isa = PBXBuildFile; fileRef = 25A47A401DDDB72200AE2829 /* 正在加载.gif */; };
		25A47A441DDDB72300AE2829 /* 自定义样式.gif in Resources */ = {isa = PBXBuildFile; fileRef = 25A47A411DDDB72200AE2829 /* 自定义样式.gif */; };
/* End PBXBuildFile section */

/* Begin PBXContainerItemProxy section */
		25A479DF1DDC7F5500AE2829 /* PBXContainerItemProxy */ = {
			isa = PBXContainerItemProxy;
			containerPortal = 25A479BD1DDC7F5500AE2829 /* Project object */;
			proxyType = 1;
			remoteGlobalIDString = 25A479C41DDC7F5500AE2829;
			remoteInfo = MJCPromptsMessageDemo;
		};
		25A479EA1DDC7F5500AE2829 /* PBXContainerItemProxy */ = {
			isa = PBXContainerItemProxy;
			containerPortal = 25A479BD1DDC7F5500AE2829 /* Project object */;
			proxyType = 1;
			remoteGlobalIDString = 25A479C41DDC7F5500AE2829;
			remoteInfo = MJCPromptsMessageDemo;
		};
/* End PBXContainerItemProxy section */

/* Begin PBXFileReference section */
		256BD8801E0241D6005185C9 /* MJCPackageMessage.h */ = {isa = PBXFileReference; fileEncoding = 4; lastKnownFileType = sourcecode.c.h; path = MJCPackageMessage.h; sourceTree = "<group>"; };
		256BD8811E0241D6005185C9 /* MJCPackageMessage.m */ = {isa = PBXFileReference; fileEncoding = 4; lastKnownFileType = sourcecode.c.objc; path = MJCPackageMessage.m; sourceTree = "<group>"; };
		256BD8831E026D71005185C9 /* MJCCustomAddViewVC.h */ = {isa = PBXFileReference; fileEncoding = 4; lastKnownFileType = sourcecode.c.h; path = MJCCustomAddViewVC.h; sourceTree = "<group>"; };
		256BD8841E026D71005185C9 /* MJCCustomAddViewVC.m */ = {isa = PBXFileReference; fileEncoding = 4; lastKnownFileType = sourcecode.c.objc; path = MJCCustomAddViewVC.m; sourceTree = "<group>"; };
		256BD8851E026D71005185C9 /* MJCCustomAddViewVC.xib */ = {isa = PBXFileReference; fileEncoding = 4; lastKnownFileType = file.xib; path = MJCCustomAddViewVC.xib; sourceTree = "<group>"; };
		25A479C51DDC7F5500AE2829 /* MJCPromptsMessageDemo.app */ = {isa = PBXFileReference; explicitFileType = wrapper.application; includeInIndex = 0; path = MJCPromptsMessageDemo.app; sourceTree = BUILT_PRODUCTS_DIR; };
		25A479C91DDC7F5500AE2829 /* main.m */ = {isa = PBXFileReference; lastKnownFileType = sourcecode.c.objc; path = main.m; sourceTree = "<group>"; };
		25A479CB1DDC7F5500AE2829 /* AppDelegate.h */ = {isa = PBXFileReference; lastKnownFileType = sourcecode.c.h; path = AppDelegate.h; sourceTree = "<group>"; };
		25A479CC1DDC7F5500AE2829 /* AppDelegate.m */ = {isa = PBXFileReference; lastKnownFileType = sourcecode.c.objc; path = AppDelegate.m; sourceTree = "<group>"; };
		25A479CE1DDC7F5500AE2829 /* ViewController.h */ = {isa = PBXFileReference; lastKnownFileType = sourcecode.c.h; path = ViewController.h; sourceTree = "<group>"; };
		25A479CF1DDC7F5500AE2829 /* ViewController.m */ = {isa = PBXFileReference; lastKnownFileType = sourcecode.c.objc; path = ViewController.m; sourceTree = "<group>"; };
		25A479D21DDC7F5500AE2829 /* Base */ = {isa = PBXFileReference; lastKnownFileType = file.storyboard; name = Base; path = Base.lproj/Main.storyboard; sourceTree = "<group>"; };
		25A479D41DDC7F5500AE2829 /* Assets.xcassets */ = {isa = PBXFileReference; lastKnownFileType = folder.assetcatalog; path = Assets.xcassets; sourceTree = "<group>"; };
		25A479D71DDC7F5500AE2829 /* Base */ = {isa = PBXFileReference; lastKnownFileType = file.storyboard; name = Base; path = Base.lproj/LaunchScreen.storyboard; sourceTree = "<group>"; };
		25A479D91DDC7F5500AE2829 /* Info.plist */ = {isa = PBXFileReference; lastKnownFileType = text.plist.xml; path = Info.plist; sourceTree = "<group>"; };
		25A479DE1DDC7F5500AE2829 /* MJCPromptsMessageDemoTests.xctest */ = {isa = PBXFileReference; explicitFileType = wrapper.cfbundle; includeInIndex = 0; path = MJCPromptsMessageDemoTests.xctest; sourceTree = BUILT_PRODUCTS_DIR; };
		25A479E21DDC7F5500AE2829 /* MJCPromptsMessageDemoTests.m */ = {isa = PBXFileReference; lastKnownFileType = sourcecode.c.objc; path = MJCPromptsMessageDemoTests.m; sourceTree = "<group>"; };
		25A479E41DDC7F5500AE2829 /* Info.plist */ = {isa = PBXFileReference; lastKnownFileType = text.plist.xml; path = Info.plist; sourceTree = "<group>"; };
		25A479E91DDC7F5500AE2829 /* MJCPromptsMessageDemoUITests.xctest */ = {isa = PBXFileReference; explicitFileType = wrapper.cfbundle; includeInIndex = 0; path = MJCPromptsMessageDemoUITests.xctest; sourceTree = BUILT_PRODUCTS_DIR; };
		25A479ED1DDC7F5500AE2829 /* MJCPromptsMessageDemoUITests.m */ = {isa = PBXFileReference; lastKnownFileType = sourcecode.c.objc; path = MJCPromptsMessageDemoUITests.m; sourceTree = "<group>"; };
		25A479EF1DDC7F5500AE2829 /* Info.plist */ = {isa = PBXFileReference; lastKnownFileType = text.plist.xml; path = Info.plist; sourceTree = "<group>"; };
		25A479FC1DDC803100AE2829 /* MJCPromptsMessage.h */ = {isa = PBXFileReference; fileEncoding = 4; lastKnownFileType = sourcecode.c.h; path = MJCPromptsMessage.h; sourceTree = "<group>"; };
		25A479FD1DDC803100AE2829 /* MJCPromptsMessage.m */ = {isa = PBXFileReference; fileEncoding = 4; lastKnownFileType = sourcecode.c.objc; path = MJCPromptsMessage.m; sourceTree = "<group>"; };
		25A479FE1DDC803100AE2829 /* MJCPromptsView.h */ = {isa = PBXFileReference; fileEncoding = 4; lastKnownFileType = sourcecode.c.h; path = MJCPromptsView.h; sourceTree = "<group>"; };
		25A479FF1DDC803100AE2829 /* MJCPromptsView.m */ = {isa = PBXFileReference; fileEncoding = 4; lastKnownFileType = sourcecode.c.objc; path = MJCPromptsView.m; sourceTree = "<group>"; };
		25A47A001DDC803100AE2829 /* UIView+MJCExtenSion.h */ = {isa = PBXFileReference; fileEncoding = 4; lastKnownFileType = sourcecode.c.h; path = "UIView+MJCExtenSion.h"; sourceTree = "<group>"; };
		25A47A011DDC803100AE2829 /* UIView+MJCExtenSion.m */ = {isa = PBXFileReference; fileEncoding = 4; lastKnownFileType = sourcecode.c.objc; path = "UIView+MJCExtenSion.m"; sourceTree = "<group>"; };
		25A47A061DDC80A600AE2829 /* errorblack.png */ = {isa = PBXFileReference; lastKnownFileType = image.png; path = errorblack.png; sourceTree = "<group>"; };
		25A47A071DDC80A600AE2829 /* errorblack@2x.png */ = {isa = PBXFileReference; lastKnownFileType = image.png; path = "errorblack@2x.png"; sourceTree = "<group>"; };
		25A47A081DDC80A600AE2829 /* errorblack@3x.png */ = {isa = PBXFileReference; lastKnownFileType = image.png; path = "errorblack@3x.png"; sourceTree = "<group>"; };
		25A47A091DDC80A600AE2829 /* errorwhite.png */ = {isa = PBXFileReference; lastKnownFileType = image.png; path = errorwhite.png; sourceTree = "<group>"; };
		25A47A0A1DDC80A600AE2829 /* errorwhite@2x .png */ = {isa = PBXFileReference; lastKnownFileType = image.png; path = "errorwhite@2x .png"; sourceTree = "<group>"; };
		25A47A0B1DDC80A600AE2829 /* errorwhite@3x.png */ = {isa = PBXFileReference; lastKnownFileType = image.png; path = "errorwhite@3x.png"; sourceTree = "<group>"; };
		25A47A0C1DDC80A600AE2829 /* infoblack.png */ = {isa = PBXFileReference; lastKnownFileType = image.png; path = infoblack.png; sourceTree = "<group>"; };
		25A47A0D1DDC80A600AE2829 /* infoblack@2x.png */ = {isa = PBXFileReference; lastKnownFileType = image.png; path = "infoblack@2x.png"; sourceTree = "<group>"; };
		25A47A0E1DDC80A600AE2829 /* infoblack@3x.png */ = {isa = PBXFileReference; lastKnownFileType = image.png; path = "infoblack@3x.png"; sourceTree = "<group>"; };
		25A47A0F1DDC80A600AE2829 /* infowhite.png */ = {isa = PBXFileReference; lastKnownFileType = image.png; path = infowhite.png; sourceTree = "<group>"; };
		25A47A101DDC80A600AE2829 /* infowhite@2x.png */ = {isa = PBXFileReference; lastKnownFileType = image.png; path = "infowhite@2x.png"; sourceTree = "<group>"; };
		25A47A111DDC80A600AE2829 /* infowhite@3x.png */ = {isa = PBXFileReference; lastKnownFileType = image.png; path = "infowhite@3x.png"; sourceTree = "<group>"; };
		25A47A121DDC80A600AE2829 /* successblack.png */ = {isa = PBXFileReference; lastKnownFileType = image.png; path = successblack.png; sourceTree = "<group>"; };
		25A47A131DDC80A600AE2829 /* successblack@2x.png */ = {isa = PBXFileReference; lastKnownFileType = image.png; path = "successblack@2x.png"; sourceTree = "<group>"; };
		25A47A141DDC80A600AE2829 /* successblack@3x.png */ = {isa = PBXFileReference; lastKnownFileType = image.png; path = "successblack@3x.png"; sourceTree = "<group>"; };
		25A47A151DDC80A600AE2829 /* successwhite.png */ = {isa = PBXFileReference; lastKnownFileType = image.png; path = successwhite.png; sourceTree = "<group>"; };
		25A47A161DDC80A600AE2829 /* successwhite@2x.png */ = {isa = PBXFileReference; lastKnownFileType = image.png; path = "successwhite@2x.png"; sourceTree = "<group>"; };
		25A47A171DDC80A600AE2829 /* successwhite@3x.png */ = {isa = PBXFileReference; lastKnownFileType = image.png; path = "successwhite@3x.png"; sourceTree = "<group>"; };
		25A47A351DDD345D00AE2829 /* MJCLoadingVC.h */ = {isa = PBXFileReference; fileEncoding = 4; lastKnownFileType = sourcecode.c.h; path = MJCLoadingVC.h; sourceTree = "<group>"; };
		25A47A361DDD345D00AE2829 /* MJCLoadingVC.m */ = {isa = PBXFileReference; fileEncoding = 4; lastKnownFileType = sourcecode.c.objc; path = MJCLoadingVC.m; sourceTree = "<group>"; };
		25A47A371DDD345D00AE2829 /* MJCLoadingVC.xib */ = {isa = PBXFileReference; fileEncoding = 4; lastKnownFileType = file.xib; path = MJCLoadingVC.xib; sourceTree = "<group>"; };
		25A47A3A1DDD348100AE2829 /* MJCMessageVC.h */ = {isa = PBXFileReference; fileEncoding = 4; lastKnownFileType = sourcecode.c.h; path = MJCMessageVC.h; sourceTree = "<group>"; };
		25A47A3B1DDD348100AE2829 /* MJCMessageVC.m */ = {isa = PBXFileReference; fileEncoding = 4; lastKnownFileType = sourcecode.c.objc; path = MJCMessageVC.m; sourceTree = "<group>"; };
		25A47A3C1DDD348100AE2829 /* MJCMessageVC.xib */ = {isa = PBXFileReference; fileEncoding = 4; lastKnownFileType = file.xib; path = MJCMessageVC.xib; sourceTree = "<group>"; };
		25A47A3F1DDDB72200AE2829 /* 成功与失败.gif */ = {isa = PBXFileReference; lastKnownFileType = image.gif; path = "成功与失败.gif"; sourceTree = "<group>"; };
		25A47A401DDDB72200AE2829 /* 正在加载.gif */ = {isa = PBXFileReference; lastKnownFileType = image.gif; path = "正在加载.gif"; sourceTree = "<group>"; };
		25A47A411DDDB72200AE2829 /* 自定义样式.gif */ = {isa = PBXFileReference; lastKnownFileType = image.gif; path = "自定义样式.gif"; sourceTree = "<group>"; };
/* End PBXFileReference section */

/* Begin PBXFrameworksBuildPhase section */
		25A479C21DDC7F5500AE2829 /* Frameworks */ = {
			isa = PBXFrameworksBuildPhase;
			buildActionMask = 2147483647;
			files = (
			);
			runOnlyForDeploymentPostprocessing = 0;
		};
		25A479DB1DDC7F5500AE2829 /* Frameworks */ = {
			isa = PBXFrameworksBuildPhase;
			buildActionMask = 2147483647;
			files = (
			);
			runOnlyForDeploymentPostprocessing = 0;
		};
		25A479E61DDC7F5500AE2829 /* Frameworks */ = {
			isa = PBXFrameworksBuildPhase;
			buildActionMask = 2147483647;
			files = (
			);
			runOnlyForDeploymentPostprocessing = 0;
		};
/* End PBXFrameworksBuildPhase section */

/* Begin PBXGroup section */
		25A479BC1DDC7F5500AE2829 = {
			isa = PBXGroup;
			children = (
				25A479C71DDC7F5500AE2829 /* MJCPromptsMessageDemo */,
				25A479E11DDC7F5500AE2829 /* MJCPromptsMessageDemoTests */,
				25A479EC1DDC7F5500AE2829 /* MJCPromptsMessageDemoUITests */,
				25A479C61DDC7F5500AE2829 /* Products */,
			);
			sourceTree = "<group>";
		};
		25A479C61DDC7F5500AE2829 /* Products */ = {
			isa = PBXGroup;
			children = (
				25A479C51DDC7F5500AE2829 /* MJCPromptsMessageDemo.app */,
				25A479DE1DDC7F5500AE2829 /* MJCPromptsMessageDemoTests.xctest */,
				25A479E91DDC7F5500AE2829 /* MJCPromptsMessageDemoUITests.xctest */,
			);
			name = Products;
			sourceTree = "<group>";
		};
		25A479C71DDC7F5500AE2829 /* MJCPromptsMessageDemo */ = {
			isa = PBXGroup;
			children = (
				25A47A2A1DDD33C300AE2829 /* 控制器 */,
				25A479FB1DDC803100AE2829 /* MJCPromptsMessage */,
				25A479CB1DDC7F5500AE2829 /* AppDelegate.h */,
				25A479CC1DDC7F5500AE2829 /* AppDelegate.m */,
				25A479CE1DDC7F5500AE2829 /* ViewController.h */,
				25A479CF1DDC7F5500AE2829 /* ViewController.m */,
				25A479D11DDC7F5500AE2829 /* Main.storyboard */,
				25A479D41DDC7F5500AE2829 /* Assets.xcassets */,
				25A479D61DDC7F5500AE2829 /* LaunchScreen.storyboard */,
				25A479D91DDC7F5500AE2829 /* Info.plist */,
				25A479C81DDC7F5500AE2829 /* Supporting Files */,
			);
			path = MJCPromptsMessageDemo;
			sourceTree = "<group>";
		};
		25A479C81DDC7F5500AE2829 /* Supporting Files */ = {
			isa = PBXGroup;
			children = (
				25A47A3F1DDDB72200AE2829 /* 成功与失败.gif */,
				25A47A401DDDB72200AE2829 /* 正在加载.gif */,
				25A47A411DDDB72200AE2829 /* 自定义样式.gif */,
				25A479C91DDC7F5500AE2829 /* main.m */,
			);
			name = "Supporting Files";
			sourceTree = "<group>";
		};
		25A479E11DDC7F5500AE2829 /* MJCPromptsMessageDemoTests */ = {
			isa = PBXGroup;
			children = (
				25A479E21DDC7F5500AE2829 /* MJCPromptsMessageDemoTests.m */,
				25A479E41DDC7F5500AE2829 /* Info.plist */,
			);
			path = MJCPromptsMessageDemoTests;
			sourceTree = "<group>";
		};
		25A479EC1DDC7F5500AE2829 /* MJCPromptsMessageDemoUITests */ = {
			isa = PBXGroup;
			children = (
				25A479ED1DDC7F5500AE2829 /* MJCPromptsMessageDemoUITests.m */,
				25A479EF1DDC7F5500AE2829 /* Info.plist */,
			);
			path = MJCPromptsMessageDemoUITests;
			sourceTree = "<group>";
		};
		25A479FB1DDC803100AE2829 /* MJCPromptsMessage */ = {
			isa = PBXGroup;
			children = (
				25A47A051DDC80A600AE2829 /* images */,
				256BD8801E0241D6005185C9 /* MJCPackageMessage.h */,
				256BD8811E0241D6005185C9 /* MJCPackageMessage.m */,
				25A479FC1DDC803100AE2829 /* MJCPromptsMessage.h */,
				25A479FD1DDC803100AE2829 /* MJCPromptsMessage.m */,
				25A479FE1DDC803100AE2829 /* MJCPromptsView.h */,
				25A479FF1DDC803100AE2829 /* MJCPromptsView.m */,
				25A47A001DDC803100AE2829 /* UIView+MJCExtenSion.h */,
				25A47A011DDC803100AE2829 /* UIView+MJCExtenSion.m */,
			);
			path = MJCPromptsMessage;
			sourceTree = "<group>";
		};
		25A47A051DDC80A600AE2829 /* images */ = {
			isa = PBXGroup;
			children = (
				25A47A061DDC80A600AE2829 /* errorblack.png */,
				25A47A071DDC80A600AE2829 /* errorblack@2x.png */,
				25A47A081DDC80A600AE2829 /* errorblack@3x.png */,
				25A47A091DDC80A600AE2829 /* errorwhite.png */,
				25A47A0A1DDC80A600AE2829 /* errorwhite@2x .png */,
				25A47A0B1DDC80A600AE2829 /* errorwhite@3x.png */,
				25A47A0C1DDC80A600AE2829 /* infoblack.png */,
				25A47A0D1DDC80A600AE2829 /* infoblack@2x.png */,
				25A47A0E1DDC80A600AE2829 /* infoblack@3x.png */,
				25A47A0F1DDC80A600AE2829 /* infowhite.png */,
				25A47A101DDC80A600AE2829 /* infowhite@2x.png */,
				25A47A111DDC80A600AE2829 /* infowhite@3x.png */,
				25A47A121DDC80A600AE2829 /* successblack.png */,
				25A47A131DDC80A600AE2829 /* successblack@2x.png */,
				25A47A141DDC80A600AE2829 /* successblack@3x.png */,
				25A47A151DDC80A600AE2829 /* successwhite.png */,
				25A47A161DDC80A600AE2829 /* successwhite@2x.png */,
				25A47A171DDC80A600AE2829 /* successwhite@3x.png */,
			);
			path = images;
			sourceTree = "<group>";
		};
		25A47A2A1DDD33C300AE2829 /* 控制器 */ = {
			isa = PBXGroup;
			children = (
				25A47A351DDD345D00AE2829 /* MJCLoadingVC.h */,
				25A47A361DDD345D00AE2829 /* MJCLoadingVC.m */,
				25A47A371DDD345D00AE2829 /* MJCLoadingVC.xib */,
				25A47A3A1DDD348100AE2829 /* MJCMessageVC.h */,
				25A47A3B1DDD348100AE2829 /* MJCMessageVC.m */,
				25A47A3C1DDD348100AE2829 /* MJCMessageVC.xib */,
				256BD8831E026D71005185C9 /* MJCCustomAddViewVC.h */,
				256BD8841E026D71005185C9 /* MJCCustomAddViewVC.m */,
				256BD8851E026D71005185C9 /* MJCCustomAddViewVC.xib */,
			);
			name = "控制器";
			sourceTree = "<group>";
		};
/* End PBXGroup section */

/* Begin PBXNativeTarget section */
		25A479C41DDC7F5500AE2829 /* MJCPromptsMessageDemo */ = {
			isa = PBXNativeTarget;
			buildConfigurationList = 25A479F21DDC7F5500AE2829 /* Build configuration list for PBXNativeTarget "MJCPromptsMessageDemo" */;
			buildPhases = (
				25A479C11DDC7F5500AE2829 /* Sources */,
				25A479C21DDC7F5500AE2829 /* Frameworks */,
				25A479C31DDC7F5500AE2829 /* Resources */,
			);
			buildRules = (
			);
			dependencies = (
			);
			name = MJCPromptsMessageDemo;
			productName = MJCPromptsMessageDemo;
			productReference = 25A479C51DDC7F5500AE2829 /* MJCPromptsMessageDemo.app */;
			productType = "com.apple.product-type.application";
		};
		25A479DD1DDC7F5500AE2829 /* MJCPromptsMessageDemoTests */ = {
			isa = PBXNativeTarget;
			buildConfigurationList = 25A479F51DDC7F5500AE2829 /* Build configuration list for PBXNativeTarget "MJCPromptsMessageDemoTests" */;
			buildPhases = (
				25A479DA1DDC7F5500AE2829 /* Sources */,
				25A479DB1DDC7F5500AE2829 /* Frameworks */,
				25A479DC1DDC7F5500AE2829 /* Resources */,
			);
			buildRules = (
			);
			dependencies = (
				25A479E01DDC7F5500AE2829 /* PBXTargetDependency */,
			);
			name = MJCPromptsMessageDemoTests;
			productName = MJCPromptsMessageDemoTests;
			productReference = 25A479DE1DDC7F5500AE2829 /* MJCPromptsMessageDemoTests.xctest */;
			productType = "com.apple.product-type.bundle.unit-test";
		};
		25A479E81DDC7F5500AE2829 /* MJCPromptsMessageDemoUITests */ = {
			isa = PBXNativeTarget;
			buildConfigurationList = 25A479F81DDC7F5500AE2829 /* Build configuration list for PBXNativeTarget "MJCPromptsMessageDemoUITests" */;
			buildPhases = (
				25A479E51DDC7F5500AE2829 /* Sources */,
				25A479E61DDC7F5500AE2829 /* Frameworks */,
				25A479E71DDC7F5500AE2829 /* Resources */,
			);
			buildRules = (
			);
			dependencies = (
				25A479EB1DDC7F5500AE2829 /* PBXTargetDependency */,
			);
			name = MJCPromptsMessageDemoUITests;
			productName = MJCPromptsMessageDemoUITests;
			productReference = 25A479E91DDC7F5500AE2829 /* MJCPromptsMessageDemoUITests.xctest */;
			productType = "com.apple.product-type.bundle.ui-testing";
		};
/* End PBXNativeTarget section */

/* Begin PBXProject section */
		25A479BD1DDC7F5500AE2829 /* Project object */ = {
			isa = PBXProject;
			attributes = {
				LastUpgradeCheck = 0800;
				ORGANIZATIONNAME = MJC;
				TargetAttributes = {
					25A479C41DDC7F5500AE2829 = {
						CreatedOnToolsVersion = 8.0;
						ProvisioningStyle = Automatic;
					};
					25A479DD1DDC7F5500AE2829 = {
						CreatedOnToolsVersion = 8.0;
						ProvisioningStyle = Automatic;
						TestTargetID = 25A479C41DDC7F5500AE2829;
					};
					25A479E81DDC7F5500AE2829 = {
						CreatedOnToolsVersion = 8.0;
						ProvisioningStyle = Automatic;
						TestTargetID = 25A479C41DDC7F5500AE2829;
					};
				};
			};
			buildConfigurationList = 25A479C01DDC7F5500AE2829 /* Build configuration list for PBXProject "MJCPromptsMessageDemo" */;
			compatibilityVersion = "Xcode 3.2";
			developmentRegion = English;
			hasScannedForEncodings = 0;
			knownRegions = (
				en,
				Base,
			);
			mainGroup = 25A479BC1DDC7F5500AE2829;
			productRefGroup = 25A479C61DDC7F5500AE2829 /* Products */;
			projectDirPath = "";
			projectRoot = "";
			targets = (
				25A479C41DDC7F5500AE2829 /* MJCPromptsMessageDemo */,
				25A479DD1DDC7F5500AE2829 /* MJCPromptsMessageDemoTests */,
				25A479E81DDC7F5500AE2829 /* MJCPromptsMessageDemoUITests */,
			);
		};
/* End PBXProject section */

/* Begin PBXResourcesBuildPhase section */
		25A479C31DDC7F5500AE2829 /* Resources */ = {
			isa = PBXResourcesBuildPhase;
			buildActionMask = 2147483647;
			files = (
				25A47A1A1DDC80A600AE2829 /* errorblack@3x.png in Resources */,
				25A47A1F1DDC80A600AE2829 /* infoblack@2x.png in Resources */,
				25A47A271DDC80A600AE2829 /* successwhite.png in Resources */,
				25A47A1E1DDC80A600AE2829 /* infoblack.png in Resources */,
				25A47A181DDC80A600AE2829 /* errorblack.png in Resources */,
				25A47A251DDC80A600AE2829 /* successblack@2x.png in Resources */,
				25A47A291DDC80A600AE2829 /* successwhite@3x.png in Resources */,
				25A47A231DDC80A600AE2829 /* infowhite@3x.png in Resources */,
				25A47A3E1DDD348100AE2829 /* MJCMessageVC.xib in Resources */,
				25A47A1C1DDC80A600AE2829 /* errorwhite@2x .png in Resources */,
				25A47A1B1DDC80A600AE2829 /* errorwhite.png in Resources */,
				25A47A211DDC80A600AE2829 /* infowhite.png in Resources */,
				25A47A281DDC80A600AE2829 /* successwhite@2x.png in Resources */,
				25A479D81DDC7F5500AE2829 /* LaunchScreen.storyboard in Resources */,
				25A47A241DDC80A600AE2829 /* successblack.png in Resources */,
				25A47A201DDC80A600AE2829 /* infoblack@3x.png in Resources */,
				25A479D51DDC7F5500AE2829 /* Assets.xcassets in Resources */,
				25A47A391DDD345D00AE2829 /* MJCLoadingVC.xib in Resources */,
				25A47A441DDDB72300AE2829 /* 自定义样式.gif in Resources */,
				25A47A431DDDB72300AE2829 /* 正在加载.gif in Resources */,
				25A47A221DDC80A600AE2829 /* infowhite@2x.png in Resources */,
				25A47A191DDC80A600AE2829 /* errorblack@2x.png in Resources */,
				25A47A421DDDB72300AE2829 /* 成功与失败.gif in Resources */,
				25A47A1D1DDC80A600AE2829 /* errorwhite@3x.png in Resources */,
				25A479D31DDC7F5500AE2829 /* Main.storyboard in Resources */,
				25A47A261DDC80A600AE2829 /* successblack@3x.png in Resources */,
				256BD8871E026D71005185C9 /* MJCCustomAddViewVC.xib in Resources */,
			);
			runOnlyForDeploymentPostprocessing = 0;
		};
		25A479DC1DDC7F5500AE2829 /* Resources */ = {
			isa = PBXResourcesBuildPhase;
			buildActionMask = 2147483647;
			files = (
			);
			runOnlyForDeploymentPostprocessing = 0;
		};
		25A479E71DDC7F5500AE2829 /* Resources */ = {
			isa = PBXResourcesBuildPhase;
			buildActionMask = 2147483647;
			files = (
			);
			runOnlyForDeploymentPostprocessing = 0;
		};
/* End PBXResourcesBuildPhase section */

/* Begin PBXSourcesBuildPhase section */
		25A479C11DDC7F5500AE2829 /* Sources */ = {
			isa = PBXSourcesBuildPhase;
			buildActionMask = 2147483647;
			files = (
				25A47A031DDC803100AE2829 /* MJCPromptsView.m in Sources */,
				256BD8861E026D71005185C9 /* MJCCustomAddViewVC.m in Sources */,
				256BD8821E0241D6005185C9 /* MJCPackageMessage.m in Sources */,
				25A479D01DDC7F5500AE2829 /* ViewController.m in Sources */,
				25A479CD1DDC7F5500AE2829 /* AppDelegate.m in Sources */,
				25A47A041DDC803100AE2829 /* UIView+MJCExtenSion.m in Sources */,
				25A47A3D1DDD348100AE2829 /* MJCMessageVC.m in Sources */,
				25A47A381DDD345D00AE2829 /* MJCLoadingVC.m in Sources */,
				25A47A021DDC803100AE2829 /* MJCPromptsMessage.m in Sources */,
				25A479CA1DDC7F5500AE2829 /* main.m in Sources */,
			);
			runOnlyForDeploymentPostprocessing = 0;
		};
		25A479DA1DDC7F5500AE2829 /* Sources */ = {
			isa = PBXSourcesBuildPhase;
			buildActionMask = 2147483647;
			files = (
				25A479E31DDC7F5500AE2829 /* MJCPromptsMessageDemoTests.m in Sources */,
			);
			runOnlyForDeploymentPostprocessing = 0;
		};
		25A479E51DDC7F5500AE2829 /* Sources */ = {
			isa = PBXSourcesBuildPhase;
			buildActionMask = 2147483647;
			files = (
				25A479EE1DDC7F5500AE2829 /* MJCPromptsMessageDemoUITests.m in Sources */,
			);
			runOnlyForDeploymentPostprocessing = 0;
		};
/* End PBXSourcesBuildPhase section */

/* Begin PBXTargetDependency section */
		25A479E01DDC7F5500AE2829 /* PBXTargetDependency */ = {
			isa = PBXTargetDependency;
			target = 25A479C41DDC7F5500AE2829 /* MJCPromptsMessageDemo */;
			targetProxy = 25A479DF1DDC7F5500AE2829 /* PBXContainerItemProxy */;
		};
		25A479EB1DDC7F5500AE2829 /* PBXTargetDependency */ = {
			isa = PBXTargetDependency;
			target = 25A479C41DDC7F5500AE2829 /* MJCPromptsMessageDemo */;
			targetProxy = 25A479EA1DDC7F5500AE2829 /* PBXContainerItemProxy */;
		};
/* End PBXTargetDependency section */

/* Begin PBXVariantGroup section */
		25A479D11DDC7F5500AE2829 /* Main.storyboard */ = {
			isa = PBXVariantGroup;
			children = (
				25A479D21DDC7F5500AE2829 /* Base */,
			);
			name = Main.storyboard;
			sourceTree = "<group>";
		};
		25A479D61DDC7F5500AE2829 /* LaunchScreen.storyboard */ = {
			isa = PBXVariantGroup;
			children = (
				25A479D71DDC7F5500AE2829 /* Base */,
			);
			name = LaunchScreen.storyboard;
			sourceTree = "<group>";
		};
/* End PBXVariantGroup section */

/* Begin XCBuildConfiguration section */
		25A479F01DDC7F5500AE2829 /* Debug */ = {
			isa = XCBuildConfiguration;
			buildSettings = {
				ALWAYS_SEARCH_USER_PATHS = NO;
				CLANG_ANALYZER_NONNULL = YES;
				CLANG_CXX_LANGUAGE_STANDARD = "gnu++0x";
				CLANG_CXX_LIBRARY = "libc++";
				CLANG_ENABLE_MODULES = YES;
				CLANG_ENABLE_OBJC_ARC = YES;
				CLANG_WARN_BOOL_CONVERSION = YES;
				CLANG_WARN_CONSTANT_CONVERSION = YES;
				CLANG_WARN_DIRECT_OBJC_ISA_USAGE = YES_ERROR;
				CLANG_WARN_DOCUMENTATION_COMMENTS = YES;
				CLANG_WARN_EMPTY_BODY = YES;
				CLANG_WARN_ENUM_CONVERSION = YES;
				CLANG_WARN_INFINITE_RECURSION = YES;
				CLANG_WARN_INT_CONVERSION = YES;
				CLANG_WARN_OBJC_ROOT_CLASS = YES_ERROR;
				CLANG_WARN_SUSPICIOUS_MOVES = YES;
				CLANG_WARN_UNREACHABLE_CODE = YES;
				CLANG_WARN__DUPLICATE_METHOD_MATCH = YES;
				"CODE_SIGN_IDENTITY[sdk=iphoneos*]" = "iPhone Developer";
				COPY_PHASE_STRIP = NO;
				DEBUG_INFORMATION_FORMAT = dwarf;
				ENABLE_STRICT_OBJC_MSGSEND = YES;
				ENABLE_TESTABILITY = YES;
				GCC_C_LANGUAGE_STANDARD = gnu99;
				GCC_DYNAMIC_NO_PIC = NO;
				GCC_NO_COMMON_BLOCKS = YES;
				GCC_OPTIMIZATION_LEVEL = 0;
				GCC_PREPROCESSOR_DEFINITIONS = (
					"DEBUG=1",
					"$(inherited)",
				);
				GCC_WARN_64_TO_32_BIT_CONVERSION = YES;
				GCC_WARN_ABOUT_RETURN_TYPE = YES_ERROR;
				GCC_WARN_UNDECLARED_SELECTOR = YES;
				GCC_WARN_UNINITIALIZED_AUTOS = YES_AGGRESSIVE;
				GCC_WARN_UNUSED_FUNCTION = YES;
				GCC_WARN_UNUSED_VARIABLE = YES;
				IPHONEOS_DEPLOYMENT_TARGET = 10.0;
				MTL_ENABLE_DEBUG_INFO = YES;
				ONLY_ACTIVE_ARCH = YES;
				SDKROOT = iphoneos;
			};
			name = Debug;
		};
		25A479F11DDC7F5500AE2829 /* Release */ = {
			isa = XCBuildConfiguration;
			buildSettings = {
				ALWAYS_SEARCH_USER_PATHS = NO;
				CLANG_ANALYZER_NONNULL = YES;
				CLANG_CXX_LANGUAGE_STANDARD = "gnu++0x";
				CLANG_CXX_LIBRARY = "libc++";
				CLANG_ENABLE_MODULES = YES;
				CLANG_ENABLE_OBJC_ARC = YES;
				CLANG_WARN_BOOL_CONVERSION = YES;
				CLANG_WARN_CONSTANT_CONVERSION = YES;
				CLANG_WARN_DIRECT_OBJC_ISA_USAGE = YES_ERROR;
				CLANG_WARN_DOCUMENTATION_COMMENTS = YES;
				CLANG_WARN_EMPTY_BODY = YES;
				CLANG_WARN_ENUM_CONVERSION = YES;
				CLANG_WARN_INFINITE_RECURSION = YES;
				CLANG_WARN_INT_CONVERSION = YES;
				CLANG_WARN_OBJC_ROOT_CLASS = YES_ERROR;
				CLANG_WARN_SUSPICIOUS_MOVES = YES;
				CLANG_WARN_UNREACHABLE_CODE = YES;
				CLANG_WARN__DUPLICATE_METHOD_MATCH = YES;
				"CODE_SIGN_IDENTITY[sdk=iphoneos*]" = "iPhone Developer";
				COPY_PHASE_STRIP = NO;
				DEBUG_INFORMATION_FORMAT = "dwarf-with-dsym";
				ENABLE_NS_ASSERTIONS = NO;
				ENABLE_STRICT_OBJC_MSGSEND = YES;
				GCC_C_LANGUAGE_STANDARD = gnu99;
				GCC_NO_COMMON_BLOCKS = YES;
				GCC_WARN_64_TO_32_BIT_CONVERSION = YES;
				GCC_WARN_ABOUT_RETURN_TYPE = YES_ERROR;
				GCC_WARN_UNDECLARED_SELECTOR = YES;
				GCC_WARN_UNINITIALIZED_AUTOS = YES_AGGRESSIVE;
				GCC_WARN_UNUSED_FUNCTION = YES;
				GCC_WARN_UNUSED_VARIABLE = YES;
				IPHONEOS_DEPLOYMENT_TARGET = 10.0;
				MTL_ENABLE_DEBUG_INFO = NO;
				SDKROOT = iphoneos;
				VALIDATE_PRODUCT = YES;
			};
			name = Release;
		};
		25A479F31DDC7F5500AE2829 /* Debug */ = {
			isa = XCBuildConfiguration;
			buildSettings = {
				ASSETCATALOG_COMPILER_APPICON_NAME = AppIcon;
				INFOPLIST_FILE = MJCPromptsMessageDemo/Info.plist;
				IPHONEOS_DEPLOYMENT_TARGET = 8.0;
				LD_RUNPATH_SEARCH_PATHS = "$(inherited) @executable_path/Frameworks";
				PRODUCT_BUNDLE_IDENTIFIER = cn.MJC.MJCPromptsMessageDemo;
				PRODUCT_NAME = "$(TARGET_NAME)";
			};
			name = Debug;
		};
		25A479F41DDC7F5500AE2829 /* Release */ = {
			isa = XCBuildConfiguration;
			buildSettings = {
				ASSETCATALOG_COMPILER_APPICON_NAME = AppIcon;
				INFOPLIST_FILE = MJCPromptsMessageDemo/Info.plist;
				IPHONEOS_DEPLOYMENT_TARGET = 8.0;
				LD_RUNPATH_SEARCH_PATHS = "$(inherited) @executable_path/Frameworks";
				PRODUCT_BUNDLE_IDENTIFIER = cn.MJC.MJCPromptsMessageDemo;
				PRODUCT_NAME = "$(TARGET_NAME)";
			};
			name = Release;
		};
		25A479F61DDC7F5500AE2829 /* Debug */ = {
			isa = XCBuildConfiguration;
			buildSettings = {
				BUNDLE_LOADER = "$(TEST_HOST)";
				INFOPLIST_FILE = MJCPromptsMessageDemoTests/Info.plist;
				LD_RUNPATH_SEARCH_PATHS = "$(inherited) @executable_path/Frameworks @loader_path/Frameworks";
				PRODUCT_BUNDLE_IDENTIFIER = cn.MJC.MJCPromptsMessageDemoTests;
				PRODUCT_NAME = "$(TARGET_NAME)";
				TEST_HOST = "$(BUILT_PRODUCTS_DIR)/MJCPromptsMessageDemo.app/MJCPromptsMessageDemo";
			};
			name = Debug;
		};
		25A479F71DDC7F5500AE2829 /* Release */ = {
			isa = XCBuildConfiguration;
			buildSettings = {
				BUNDLE_LOADER = "$(TEST_HOST)";
				INFOPLIST_FILE = MJCPromptsMessageDemoTests/Info.plist;
				LD_RUNPATH_SEARCH_PATHS = "$(inherited) @executable_path/Frameworks @loader_path/Frameworks";
				PRODUCT_BUNDLE_IDENTIFIER = cn.MJC.MJCPromptsMessageDemoTests;
				PRODUCT_NAME = "$(TARGET_NAME)";
				TEST_HOST = "$(BUILT_PRODUCTS_DIR)/MJCPromptsMessageDemo.app/MJCPromptsMessageDemo";
			};
			name = Release;
		};
		25A479F91DDC7F5500AE2829 /* Debug */ = {
			isa = XCBuildConfiguration;
			buildSettings = {
				INFOPLIST_FILE = MJCPromptsMessageDemoUITests/Info.plist;
				LD_RUNPATH_SEARCH_PATHS = "$(inherited) @executable_path/Frameworks @loader_path/Frameworks";
				PRODUCT_BUNDLE_IDENTIFIER = cn.MJC.MJCPromptsMessageDemoUITests;
				PRODUCT_NAME = "$(TARGET_NAME)";
				TEST_TARGET_NAME = MJCPromptsMessageDemo;
			};
			name = Debug;
		};
		25A479FA1DDC7F5500AE2829 /* Release */ = {
			isa = XCBuildConfiguration;
			buildSettings = {
				INFOPLIST_FILE = MJCPromptsMessageDemoUITests/Info.plist;
				LD_RUNPATH_SEARCH_PATHS = "$(inherited) @executable_path/Frameworks @loader_path/Frameworks";
				PRODUCT_BUNDLE_IDENTIFIER = cn.MJC.MJCPromptsMessageDemoUITests;
				PRODUCT_NAME = "$(TARGET_NAME)";
				TEST_TARGET_NAME = MJCPromptsMessageDemo;
			};
			name = Release;
		};
/* End XCBuildConfiguration section */

/* Begin XCConfigurationList section */
		25A479C01DDC7F5500AE2829 /* Build configuration list for PBXProject "MJCPromptsMessageDemo" */ = {
			isa = XCConfigurationList;
			buildConfigurations = (
				25A479F01DDC7F5500AE2829 /* Debug */,
				25A479F11DDC7F5500AE2829 /* Release */,
			);
			defaultConfigurationIsVisible = 0;
			defaultConfigurationName = Release;
		};
		25A479F21DDC7F5500AE2829 /* Build configuration list for PBXNativeTarget "MJCPromptsMessageDemo" */ = {
			isa = XCConfigurationList;
			buildConfigurations = (
				25A479F31DDC7F5500AE2829 /* Debug */,
				25A479F41DDC7F5500AE2829 /* Release */,
			);
			defaultConfigurationIsVisible = 0;
			defaultConfigurationName = Release;
		};
		25A479F51DDC7F5500AE2829 /* Build configuration list for PBXNativeTarget "MJCPromptsMessageDemoTests" */ = {
			isa = XCConfigurationList;
			buildConfigurations = (
				25A479F61DDC7F5500AE2829 /* Debug */,
				25A479F71DDC7F5500AE2829 /* Release */,
			);
			defaultConfigurationIsVisible = 0;
			defaultConfigurationName = Release;
		};
		25A479F81DDC7F5500AE2829 /* Build configuration list for PBXNativeTarget "MJCPromptsMessageDemoUITests" */ = {
			isa = XCConfigurationList;
			buildConfigurations = (
				25A479F91DDC7F5500AE2829 /* Debug */,
				25A479FA1DDC7F5500AE2829 /* Release */,
			);
			defaultConfigurationIsVisible = 0;
			defaultConfigurationName = Release;
		};
/* End XCConfigurationList section */
	};
	rootObject = 25A479BD1DDC7F5500AE2829 /* Project object */;
}
