// !$*UTF8*$!
{
	archiveVersion = 1;
	classes = {
	};
	objectVersion = 46;
	objects = {

/* Begin PBXBuildFile section */
		25A4798B1DDC7DE000AE2829 /* main.m in Sources */ = {isa = PBXBuildFile; fileRef = 25A4798A1DDC7DE000AE2829 /* main.m */; };
		25A4798E1DDC7DE000AE2829 /* AppDelegate.m in Sources */ = {isa = PBXBuildFile; fileRef = 25A4798D1DDC7DE000AE2829 /* AppDelegate.m */; };
		25A479911DDC7DE000AE2829 /* ViewController.m in Sources */ = {isa = PBXBuildFile; fileRef = 25A479901DDC7DE000AE2829 /* ViewController.m */; };
		25A479941DDC7DE000AE2829 /* Main.storyboard in Resources */ = {isa = PBXBuildFile; fileRef = 25A479921DDC7DE000AE2829 /* Main.storyboard */; };
		25A479961DDC7DE000AE2829 /* Assets.xcassets in Resources */ = {isa = PBXBuildFile; fileRef = 25A479951DDC7DE000AE2829 /* Assets.xcassets */; };
		25A479991DDC7DE000AE2829 /* LaunchScreen.storyboard in Resources */ = {isa = PBXBuildFile; fileRef = 25A479971DDC7DE000AE2829 /* LaunchScreen.storyboard */; };
		25A479A41DDC7DE000AE2829 /* MJCPromptsMessageDemoTests.m in Sources */ = {isa = PBXBuildFile; fileRef = 25A479A31DDC7DE000AE2829 /* MJCPromptsMessageDemoTests.m */; };
		25A479AF1DDC7DE000AE2829 /* MJCPromptsMessageDemoUITests.m in Sources */ = {isa = PBXBuildFile; fileRef = 25A479AE1DDC7DE000AE2829 /* MJCPromptsMessageDemoUITests.m */; };
/* End PBXBuildFile section */

/* Begin PBXContainerItemProxy section */
		25A479A01DDC7DE000AE2829 /* PBXContainerItemProxy */ = {
			isa = PBXContainerItemProxy;
			containerPortal = 25A4797E1DDC7DE000AE2829 /* Project object */;
			proxyType = 1;
			remoteGlobalIDString = 25A479851DDC7DE000AE2829;
			remoteInfo = MJCPromptsMessageDemo;
		};
		25A479AB1DDC7DE000AE2829 /* PBXContainerItemProxy */ = {
			isa = PBXContainerItemProxy;
			containerPortal = 25A4797E1DDC7DE000AE2829 /* Project object */;
			proxyType = 1;
			remoteGlobalIDString = 25A479851DDC7DE000AE2829;
			remoteInfo = MJCPromptsMessageDemo;
		};
/* End PBXContainerItemProxy section */

/* Begin PBXFileReference section */
		25A479861DDC7DE000AE2829 /* MJCPromptsMessageDemo.app */ = {isa = PBXFileReference; explicitFileType = wrapper.application; includeInIndex = 0; path = MJCPromptsMessageDemo.app; sourceTree = BUILT_PRODUCTS_DIR; };
		25A4798A1DDC7DE000AE2829 /* main.m */ = {isa = PBXFileReference; lastKnownFileType = sourcecode.c.objc; path = main.m; sourceTree = "<group>"; };
		25A4798C1DDC7DE000AE2829 /* AppDelegate.h */ = {isa = PBXFileReference; lastKnownFileType = sourcecode.c.h; path = AppDelegate.h; sourceTree = "<group>"; };
		25A4798D1DDC7DE000AE2829 /* AppDelegate.m */ = {isa = PBXFileReference; lastKnownFileType = sourcecode.c.objc; path = AppDelegate.m; sourceTree = "<group>"; };
		25A4798F1DDC7DE000AE2829 /* ViewController.h */ = {isa = PBXFileReference; lastKnownFileType = sourcecode.c.h; path = ViewController.h; sourceTree = "<group>"; };
		25A479901DDC7DE000AE2829 /* ViewController.m */ = {isa = PBXFileReference; lastKnownFileType = sourcecode.c.objc; path = ViewController.m; sourceTree = "<group>"; };
		25A479931DDC7DE000AE2829 /* Base */ = {isa = PBXFileReference; lastKnownFileType = file.storyboard; name = Base; path = Base.lproj/Main.storyboard; sourceTree = "<group>"; };
		25A479951DDC7DE000AE2829 /* Assets.xcassets */ = {isa = PBXFileReference; lastKnownFileType = folder.assetcatalog; path = Assets.xcassets; sourceTree = "<group>"; };
		25A479981DDC7DE000AE2829 /* Base */ = {isa = PBXFileReference; lastKnownFileType = file.storyboard; name = Base; path = Base.lproj/LaunchScreen.storyboard; sourceTree = "<group>"; };
		25A4799A1DDC7DE000AE2829 /* Info.plist */ = {isa = PBXFileReference; lastKnownFileType = text.plist.xml; path = Info.plist; sourceTree = "<group>"; };
		25A4799F1DDC7DE000AE2829 /* MJCPromptsMessageDemoTests.xctest */ = {isa = PBXFileReference; explicitFileType = wrapper.cfbundle; includeInIndex = 0; path = MJCPromptsMessageDemoTests.xctest; sourceTree = BUILT_PRODUCTS_DIR; };
		25A479A31DDC7DE000AE2829 /* MJCPromptsMessageDemoTests.m */ = {isa = PBXFileReference; lastKnownFileType = sourcecode.c.objc; path = MJCPromptsMessageDemoTests.m; sourceTree = "<group>"; };
		25A479A51DDC7DE000AE2829 /* Info.plist */ = {isa = PBXFileReference; lastKnownFileType = text.plist.xml; path = Info.plist; sourceTree = "<group>"; };
		25A479AA1DDC7DE000AE2829 /* MJCPromptsMessageDemoUITests.xctest */ = {isa = PBXFileReference; explicitFileType = wrapper.cfbundle; includeInIndex = 0; path = MJCPromptsMessageDemoUITests.xctest; sourceTree = BUILT_PRODUCTS_DIR; };
		25A479AE1DDC7DE000AE2829 /* MJCPromptsMessageDemoUITests.m */ = {isa = PBXFileReference; lastKnownFileType = sourcecode.c.objc; path = MJCPromptsMessageDemoUITests.m; sourceTree = "<group>"; };
		25A479B01DDC7DE000AE2829 /* Info.plist */ = {isa = PBXFileReference; lastKnownFileType = text.plist.xml; path = Info.plist; sourceTree = "<group>"; };
/* End PBXFileReference section */

/* Begin PBXFrameworksBuildPhase section */
		25A479831DDC7DE000AE2829 /* Frameworks */ = {
			isa = PBXFrameworksBuildPhase;
			buildActionMask = 2147483647;
			files = (
			);
			runOnlyForDeploymentPostprocessing = 0;
		};
		25A4799C1DDC7DE000AE2829 /* Frameworks */ = {
			isa = PBXFrameworksBuildPhase;
			buildActionMask = 2147483647;
			files = (
			);
			runOnlyForDeploymentPostprocessing = 0;
		};
		25A479A71DDC7DE000AE2829 /* Frameworks */ = {
			isa = PBXFrameworksBuildPhase;
			buildActionMask = 2147483647;
			files = (
			);
			runOnlyForDeploymentPostprocessing = 0;
		};
/* End PBXFrameworksBuildPhase section */

/* Begin PBXGroup section */
		25A4797D1DDC7DE000AE2829 = {
			isa = PBXGroup;
			children = (
				25A479881DDC7DE000AE2829 /* MJCPromptsMessageDemo */,
				25A479A21DDC7DE000AE2829 /* MJCPromptsMessageDemoTests */,
				25A479AD1DDC7DE000AE2829 /* MJCPromptsMessageDemoUITests */,
				25A479871DDC7DE000AE2829 /* Products */,
			);
			sourceTree = "<group>";
		};
		25A479871DDC7DE000AE2829 /* Products */ = {
			isa = PBXGroup;
			children = (
				25A479861DDC7DE000AE2829 /* MJCPromptsMessageDemo.app */,
				25A4799F1DDC7DE000AE2829 /* MJCPromptsMessageDemoTests.xctest */,
				25A479AA1DDC7DE000AE2829 /* MJCPromptsMessageDemoUITests.xctest */,
			);
			name = Products;
			sourceTree = "<group>";
		};
		25A479881DDC7DE000AE2829 /* MJCPromptsMessageDemo */ = {
			isa = PBXGroup;
			children = (
				25A4798C1DDC7DE000AE2829 /* AppDelegate.h */,
				25A4798D1DDC7DE000AE2829 /* AppDelegate.m */,
				25A4798F1DDC7DE000AE2829 /* ViewController.h */,
				25A479901DDC7DE000AE2829 /* ViewController.m */,
				25A479921DDC7DE000AE2829 /* Main.storyboard */,
				25A479951DDC7DE000AE2829 /* Assets.xcassets */,
				25A479971DDC7DE000AE2829 /* LaunchScreen.storyboard */,
				25A4799A1DDC7DE000AE2829 /* Info.plist */,
				25A479891DDC7DE000AE2829 /* Supporting Files */,
			);
			path = MJCPromptsMessageDemo;
			sourceTree = "<group>";
		};
		25A479891DDC7DE000AE2829 /* Supporting Files */ = {
			isa = PBXGroup;
			children = (
				25A4798A1DDC7DE000AE2829 /* main.m */,
			);
			name = "Supporting Files";
			sourceTree = "<group>";
		};
		25A479A21DDC7DE000AE2829 /* MJCPromptsMessageDemoTests */ = {
			isa = PBXGroup;
			children = (
				25A479A31DDC7DE000AE2829 /* MJCPromptsMessageDemoTests.m */,
				25A479A51DDC7DE000AE2829 /* Info.plist */,
			);
			path = MJCPromptsMessageDemoTests;
			sourceTree = "<group>";
		};
		25A479AD1DDC7DE000AE2829 /* MJCPromptsMessageDemoUITests */ = {
			isa = PBXGroup;
			children = (
				25A479AE1DDC7DE000AE2829 /* MJCPromptsMessageDemoUITests.m */,
				25A479B01DDC7DE000AE2829 /* Info.plist */,
			);
			path = MJCPromptsMessageDemoUITests;
			sourceTree = "<group>";
		};
/* End PBXGroup section */

/* Begin PBXNativeTarget section */
		25A479851DDC7DE000AE2829 /* MJCPromptsMessageDemo */ = {
			isa = PBXNativeTarget;
			buildConfigurationList = 25A479B31DDC7DE000AE2829 /* Build configuration list for PBXNativeTarget "MJCPromptsMessageDemo" */;
			buildPhases = (
				25A479821DDC7DE000AE2829 /* Sources */,
				25A479831DDC7DE000AE2829 /* Frameworks */,
				25A479841DDC7DE000AE2829 /* Resources */,
			);
			buildRules = (
			);
			dependencies = (
			);
			name = MJCPromptsMessageDemo;
			productName = MJCPromptsMessageDemo;
			productReference = 25A479861DDC7DE000AE2829 /* MJCPromptsMessageDemo.app */;
			productType = "com.apple.product-type.application";
		};
		25A4799E1DDC7DE000AE2829 /* MJCPromptsMessageDemoTests */ = {
			isa = PBXNativeTarget;
			buildConfigurationList = 25A479B61DDC7DE000AE2829 /* Build configuration list for PBXNativeTarget "MJCPromptsMessageDemoTests" */;
			buildPhases = (
				25A4799B1DDC7DE000AE2829 /* Sources */,
				25A4799C1DDC7DE000AE2829 /* Frameworks */,
				25A4799D1DDC7DE000AE2829 /* Resources */,
			);
			buildRules = (
			);
			dependencies = (
				25A479A11DDC7DE000AE2829 /* PBXTargetDependency */,
			);
			name = MJCPromptsMessageDemoTests;
			productName = MJCPromptsMessageDemoTests;
			productReference = 25A4799F1DDC7DE000AE2829 /* MJCPromptsMessageDemoTests.xctest */;
			productType = "com.apple.product-type.bundle.unit-test";
		};
		25A479A91DDC7DE000AE2829 /* MJCPromptsMessageDemoUITests */ = {
			isa = PBXNativeTarget;
			buildConfigurationList = 25A479B91DDC7DE000AE2829 /* Build configuration list for PBXNativeTarget "MJCPromptsMessageDemoUITests" */;
			buildPhases = (
				25A479A61DDC7DE000AE2829 /* Sources */,
				25A479A71DDC7DE000AE2829 /* Frameworks */,
				25A479A81DDC7DE000AE2829 /* Resources */,
			);
			buildRules = (
			);
			dependencies = (
				25A479AC1DDC7DE000AE2829 /* PBXTargetDependency */,
			);
			name = MJCPromptsMessageDemoUITests;
			productName = MJCPromptsMessageDemoUITests;
			productReference = 25A479AA1DDC7DE000AE2829 /* MJCPromptsMessageDemoUITests.xctest */;
			productType = "com.apple.product-type.bundle.ui-testing";
		};
/* End PBXNativeTarget section */

/* Begin PBXProject section */
		25A4797E1DDC7DE000AE2829 /* Project object */ = {
			isa = PBXProject;
			attributes = {
				LastUpgradeCheck = 0800;
				ORGANIZATIONNAME = MJC;
				TargetAttributes = {
					25A479851DDC7DE000AE2829 = {
						CreatedOnToolsVersion = 8.0;
						ProvisioningStyle = Automatic;
					};
					25A4799E1DDC7DE000AE2829 = {
						CreatedOnToolsVersion = 8.0;
						ProvisioningStyle = Automatic;
						TestTargetID = 25A479851DDC7DE000AE2829;
					};
					25A479A91DDC7DE000AE2829 = {
						CreatedOnToolsVersion = 8.0;
						ProvisioningStyle = Automatic;
						TestTargetID = 25A479851DDC7DE000AE2829;
					};
				};
			};
			buildConfigurationList = 25A479811DDC7DE000AE2829 /* Build configuration list for PBXProject "MJCPromptsMessageDemo" */;
			compatibilityVersion = "Xcode 3.2";
			developmentRegion = English;
			hasScannedForEncodings = 0;
			knownRegions = (
				en,
				Base,
			);
			mainGroup = 25A4797D1DDC7DE000AE2829;
			productRefGroup = 25A479871DDC7DE000AE2829 /* Products */;
			projectDirPath = "";
			projectRoot = "";
			targets = (
				25A479851DDC7DE000AE2829 /* MJCPromptsMessageDemo */,
				25A4799E1DDC7DE000AE2829 /* MJCPromptsMessageDemoTests */,
				25A479A91DDC7DE000AE2829 /* MJCPromptsMessageDemoUITests */,
			);
		};
/* End PBXProject section */

/* Begin PBXResourcesBuildPhase section */
		25A479841DDC7DE000AE2829 /* Resources */ = {
			isa = PBXResourcesBuildPhase;
			buildActionMask = 2147483647;
			files = (
				25A479991DDC7DE000AE2829 /* LaunchScreen.storyboard in Resources */,
				25A479961DDC7DE000AE2829 /* Assets.xcassets in Resources */,
				25A479941DDC7DE000AE2829 /* Main.storyboard in Resources */,
			);
			runOnlyForDeploymentPostprocessing = 0;
		};
		25A4799D1DDC7DE000AE2829 /* Resources */ = {
			isa = PBXResourcesBuildPhase;
			buildActionMask = 2147483647;
			files = (
			);
			runOnlyForDeploymentPostprocessing = 0;
		};
		25A479A81DDC7DE000AE2829 /* Resources */ = {
			isa = PBXResourcesBuildPhase;
			buildActionMask = 2147483647;
			files = (
			);
			runOnlyForDeploymentPostprocessing = 0;
		};
/* End PBXResourcesBuildPhase section */

/* Begin PBXSourcesBuildPhase section */
		25A479821DDC7DE000AE2829 /* Sources */ = {
			isa = PBXSourcesBuildPhase;
			buildActionMask = 2147483647;
			files = (
				25A479911DDC7DE000AE2829 /* ViewController.m in Sources */,
				25A4798E1DDC7DE000AE2829 /* AppDelegate.m in Sources */,
				25A4798B1DDC7DE000AE2829 /* main.m in Sources */,
			);
			runOnlyForDeploymentPostprocessing = 0;
		};
		25A4799B1DDC7DE000AE2829 /* Sources */ = {
			isa = PBXSourcesBuildPhase;
			buildActionMask = 2147483647;
			files = (
				25A479A41DDC7DE000AE2829 /* MJCPromptsMessageDemoTests.m in Sources */,
			);
			runOnlyForDeploymentPostprocessing = 0;
		};
		25A479A61DDC7DE000AE2829 /* Sources */ = {
			isa = PBXSourcesBuildPhase;
			buildActionMask = 2147483647;
			files = (
				25A479AF1DDC7DE000AE2829 /* MJCPromptsMessageDemoUITests.m in Sources */,
			);
			runOnlyForDeploymentPostprocessing = 0;
		};
/* End PBXSourcesBuildPhase section */

/* Begin PBXTargetDependency section */
		25A479A11DDC7DE000AE2829 /* PBXTargetDependency */ = {
			isa = PBXTargetDependency;
			target = 25A479851DDC7DE000AE2829 /* MJCPromptsMessageDemo */;
			targetProxy = 25A479A01DDC7DE000AE2829 /* PBXContainerItemProxy */;
		};
		25A479AC1DDC7DE000AE2829 /* PBXTargetDependency */ = {
			isa = PBXTargetDependency;
			target = 25A479851DDC7DE000AE2829 /* MJCPromptsMessageDemo */;
			targetProxy = 25A479AB1DDC7DE000AE2829 /* PBXContainerItemProxy */;
		};
/* End PBXTargetDependency section */

/* Begin PBXVariantGroup section */
		25A479921DDC7DE000AE2829 /* Main.storyboard */ = {
			isa = PBXVariantGroup;
			children = (
				25A479931DDC7DE000AE2829 /* Base */,
			);
			name = Main.storyboard;
			sourceTree = "<group>";
		};
		25A479971DDC7DE000AE2829 /* LaunchScreen.storyboard */ = {
			isa = PBXVariantGroup;
			children = (
				25A479981DDC7DE000AE2829 /* Base */,
			);
			name = LaunchScreen.storyboard;
			sourceTree = "<group>";
		};
/* End PBXVariantGroup section */

/* Begin XCBuildConfiguration section */
		25A479B11DDC7DE000AE2829 /* Debug */ = {
			isa = XCBuildConfiguration;
			buildSettings = {
				ALWAYS_SEARCH_USER_PATHS = NO;
				CLANG_ANALYZER_NONNULL = YES;
				CLANG_CXX_LANGUAGE_STANDARD = "gnu++0x";
				CLANG_CXX_LIBRARY = "libc++";
				CLANG_ENABLE_MODULES = YES;
				CLANG_ENABLE_OBJC_ARC = YES;
				CLANG_WARN_BOOL_CONVERSION = YES;
				CLANG_WARN_CONSTANT_CONVERSION = YES;
				CLANG_WARN_DIRECT_OBJC_ISA_USAGE = YES_ERROR;
				CLANG_WARN_DOCUMENTATION_COMMENTS = YES;
				CLANG_WARN_EMPTY_BODY = YES;
				CLANG_WARN_ENUM_CONVERSION = YES;
				CLANG_WARN_INFINITE_RECURSION = YES;
				CLANG_WARN_INT_CONVERSION = YES;
				CLANG_WARN_OBJC_ROOT_CLASS = YES_ERROR;
				CLANG_WARN_SUSPICIOUS_MOVES = YES;
				CLANG_WARN_UNREACHABLE_CODE = YES;
				CLANG_WARN__DUPLICATE_METHOD_MATCH = YES;
				"CODE_SIGN_IDENTITY[sdk=iphoneos*]" = "iPhone Developer";
				COPY_PHASE_STRIP = NO;
				DEBUG_INFORMATION_FORMAT = dwarf;
				ENABLE_STRICT_OBJC_MSGSEND = YES;
				ENABLE_TESTABILITY = YES;
				GCC_C_LANGUAGE_STANDARD = gnu99;
				GCC_DYNAMIC_NO_PIC = NO;
				GCC_NO_COMMON_BLOCKS = YES;
				GCC_OPTIMIZATION_LEVEL = 0;
				GCC_PREPROCESSOR_DEFINITIONS = (
					"DEBUG=1",
					"$(inherited)",
				);
				GCC_WARN_64_TO_32_BIT_CONVERSION = YES;
				GCC_WARN_ABOUT_RETURN_TYPE = YES_ERROR;
				GCC_WARN_UNDECLARED_SELECTOR = YES;
				GCC_WARN_UNINITIALIZED_AUTOS = YES_AGGRESSIVE;
				GCC_WARN_UNUSED_FUNCTION = YES;
				GCC_WARN_UNUSED_VARIABLE = YES;
				IPHONEOS_DEPLOYMENT_TARGET = 10.0;
				MTL_ENABLE_DEBUG_INFO = YES;
				ONLY_ACTIVE_ARCH = YES;
				SDKROOT = iphoneos;
			};
			name = Debug;
		};
		25A479B21DDC7DE000AE2829 /* Release */ = {
			isa = XCBuildConfiguration;
			buildSettings = {
				ALWAYS_SEARCH_USER_PATHS = NO;
				CLANG_ANALYZER_NONNULL = YES;
				CLANG_CXX_LANGUAGE_STANDARD = "gnu++0x";
				CLANG_CXX_LIBRARY = "libc++";
				CLANG_ENABLE_MODULES = YES;
				CLANG_ENABLE_OBJC_ARC = YES;
				CLANG_WARN_BOOL_CONVERSION = YES;
				CLANG_WARN_CONSTANT_CONVERSION = YES;
				CLANG_WARN_DIRECT_OBJC_ISA_USAGE = YES_ERROR;
				CLANG_WARN_DOCUMENTATION_COMMENTS = YES;
				CLANG_WARN_EMPTY_BODY = YES;
				CLANG_WARN_ENUM_CONVERSION = YES;
				CLANG_WARN_INFINITE_RECURSION = YES;
				CLANG_WARN_INT_CONVERSION = YES;
				CLANG_WARN_OBJC_ROOT_CLASS = YES_ERROR;
				CLANG_WARN_SUSPICIOUS_MOVES = YES;
				CLANG_WARN_UNREACHABLE_CODE = YES;
				CLANG_WARN__DUPLICATE_METHOD_MATCH = YES;
				"CODE_SIGN_IDENTITY[sdk=iphoneos*]" = "iPhone Developer";
				COPY_PHASE_STRIP = NO;
				DEBUG_INFORMATION_FORMAT = "dwarf-with-dsym";
				ENABLE_NS_ASSERTIONS = NO;
				ENABLE_STRICT_OBJC_MSGSEND = YES;
				GCC_C_LANGUAGE_STANDARD = gnu99;
				GCC_NO_COMMON_BLOCKS = YES;
				GCC_WARN_64_TO_32_BIT_CONVERSION = YES;
				GCC_WARN_ABOUT_RETURN_TYPE = YES_ERROR;
				GCC_WARN_UNDECLARED_SELECTOR = YES;
				GCC_WARN_UNINITIALIZED_AUTOS = YES_AGGRESSIVE;
				GCC_WARN_UNUSED_FUNCTION = YES;
				GCC_WARN_UNUSED_VARIABLE = YES;
				IPHONEOS_DEPLOYMENT_TARGET = 10.0;
				MTL_ENABLE_DEBUG_INFO = NO;
				SDKROOT = iphoneos;
				VALIDATE_PRODUCT = YES;
			};
			name = Release;
		};
		25A479B41DDC7DE000AE2829 /* Debug */ = {
			isa = XCBuildConfiguration;
			buildSettings = {
				ASSETCATALOG_COMPILER_APPICON_NAME = AppIcon;
				INFOPLIST_FILE = MJCPromptsMessageDemo/Info.plist;
				LD_RUNPATH_SEARCH_PATHS = "$(inherited) @executable_path/Frameworks";
				PRODUCT_BUNDLE_IDENTIFIER = cn.MJC.MJCPromptsMessageDemo;
				PRODUCT_NAME = "$(TARGET_NAME)";
			};
			name = Debug;
		};
		25A479B51DDC7DE000AE2829 /* Release */ = {
			isa = XCBuildConfiguration;
			buildSettings = {
				ASSETCATALOG_COMPILER_APPICON_NAME = AppIcon;
				INFOPLIST_FILE = MJCPromptsMessageDemo/Info.plist;
				LD_RUNPATH_SEARCH_PATHS = "$(inherited) @executable_path/Frameworks";
				PRODUCT_BUNDLE_IDENTIFIER = cn.MJC.MJCPromptsMessageDemo;
				PRODUCT_NAME = "$(TARGET_NAME)";
			};
			name = Release;
		};
		25A479B71DDC7DE000AE2829 /* Debug */ = {
			isa = XCBuildConfiguration;
			buildSettings = {
				BUNDLE_LOADER = "$(TEST_HOST)";
				INFOPLIST_FILE = MJCPromptsMessageDemoTests/Info.plist;
				LD_RUNPATH_SEARCH_PATHS = "$(inherited) @executable_path/Frameworks @loader_path/Frameworks";
				PRODUCT_BUNDLE_IDENTIFIER = cn.MJC.MJCPromptsMessageDemoTests;
				PRODUCT_NAME = "$(TARGET_NAME)";
				TEST_HOST = "$(BUILT_PRODUCTS_DIR)/MJCPromptsMessageDemo.app/MJCPromptsMessageDemo";
			};
			name = Debug;
		};
		25A479B81DDC7DE000AE2829 /* Release */ = {
			isa = XCBuildConfiguration;
			buildSettings = {
				BUNDLE_LOADER = "$(TEST_HOST)";
				INFOPLIST_FILE = MJCPromptsMessageDemoTests/Info.plist;
				LD_RUNPATH_SEARCH_PATHS = "$(inherited) @executable_path/Frameworks @loader_path/Frameworks";
				PRODUCT_BUNDLE_IDENTIFIER = cn.MJC.MJCPromptsMessageDemoTests;
				PRODUCT_NAME = "$(TARGET_NAME)";
				TEST_HOST = "$(BUILT_PRODUCTS_DIR)/MJCPromptsMessageDemo.app/MJCPromptsMessageDemo";
			};
			name = Release;
		};
		25A479BA1DDC7DE000AE2829 /* Debug */ = {
			isa = XCBuildConfiguration;
			buildSettings = {
				INFOPLIST_FILE = MJCPromptsMessageDemoUITests/Info.plist;
				LD_RUNPATH_SEARCH_PATHS = "$(inherited) @executable_path/Frameworks @loader_path/Frameworks";
				PRODUCT_BUNDLE_IDENTIFIER = cn.MJC.MJCPromptsMessageDemoUITests;
				PRODUCT_NAME = "$(TARGET_NAME)";
				TEST_TARGET_NAME = MJCPromptsMessageDemo;
			};
			name = Debug;
		};
		25A479BB1DDC7DE000AE2829 /* Release */ = {
			isa = XCBuildConfiguration;
			buildSettings = {
				INFOPLIST_FILE = MJCPromptsMessageDemoUITests/Info.plist;
				LD_RUNPATH_SEARCH_PATHS = "$(inherited) @executable_path/Frameworks @loader_path/Frameworks";
				PRODUCT_BUNDLE_IDENTIFIER = cn.MJC.MJCPromptsMessageDemoUITests;
				PRODUCT_NAME = "$(TARGET_NAME)";
				TEST_TARGET_NAME = MJCPromptsMessageDemo;
			};
			name = Release;
		};
/* End XCBuildConfiguration section */

/* Begin XCConfigurationList section */
		25A479811DDC7DE000AE2829 /* Build configuration list for PBXProject "MJCPromptsMessageDemo" */ = {
			isa = XCConfigurationList;
			buildConfigurations = (
				25A479B11DDC7DE000AE2829 /* Debug */,
				25A479B21DDC7DE000AE2829 /* Release */,
			);
			defaultConfigurationIsVisible = 0;
			defaultConfigurationName = Release;
		};
		25A479B31DDC7DE000AE2829 /* Build configuration list for PBXNativeTarget "MJCPromptsMessageDemo" */ = {
			isa = XCConfigurationList;
			buildConfigurations = (
				25A479B41DDC7DE000AE2829 /* Debug */,
				25A479B51DDC7DE000AE2829 /* Release */,
			);
			defaultConfigurationIsVisible = 0;
		};
		25A479B61DDC7DE000AE2829 /* Build configuration list for PBXNativeTarget "MJCPromptsMessageDemoTests" */ = {
			isa = XCConfigurationList;
			buildConfigurations = (
				25A479B71DDC7DE000AE2829 /* Debug */,
				25A479B81DDC7DE000AE2829 /* Release */,
			);
			defaultConfigurationIsVisible = 0;
		};
		25A479B91DDC7DE000AE2829 /* Build configuration list for PBXNativeTarget "MJCPromptsMessageDemoUITests" */ = {
			isa = XCConfigurationList;
			buildConfigurations = (
				25A479BA1DDC7DE000AE2829 /* Debug */,
				25A479BB1DDC7DE000AE2829 /* Release */,
			);
			defaultConfigurationIsVisible = 0;
		};
/* End XCConfigurationList section */
	};
	rootObject = 25A4797E1DDC7DE000AE2829 /* Project object */;
}
